
Microsoft Visual Studio Solution File, Format Version 12.00
# Visual Studio Version 17
VisualStudioVersion = 17.7.34221.43
MinimumVisualStudioVersion = 10.0.40219.1
Project("{FAE04EC0-301F-11D3-BF4B-00C04F79EFBC}") = "SEFAssignment6", "SEFAssignment6\SEFAssignment6.csproj", "{C7D6BCBD-9FBA-4BA3-9813-4EAA603D1431}"
EndProject
Global
	GlobalSection(SolutionConfigurationPlatforms) = preSolution
		Debug|Any CPU = Debug|Any CPU
		Release|Any CPU = Release|Any CPU
	EndGlobalSection
	GlobalSection(ProjectConfigurationPlatforms) = postSolution
		{C7D6BCBD-9FBA-4BA3-9813-4EAA603D1431}.Debug|Any CPU.ActiveCfg = Debug|Any CPU
		{C7D6BCBD-9FBA-4BA3-9813-4EAA603D1431}.Debug|Any CPU.Build.0 = Debug|Any CPU
		{C7D6BCBD-9FBA-4BA3-9813-4EAA603D1431}.Release|Any CPU.ActiveCfg = Release|Any CPU
		{C7D6BCBD-9FBA-4BA3-9813-4EAA603D1431}.Release|Any CPU.Build.0 = Release|Any CPU
	EndGlobalSection
	GlobalSection(SolutionProperties) = preSolution
		HideSolutionNode = FALSE
	EndGlobalSection
	GlobalSection(ExtensibilityGlobals) = postSolution
		SolutionGuid = {05EF70DA-2FC6-4250-B79F-871EF184F8BF}
	EndGlobalSection
EndGlobal
